{
  "nodes": {
    "catppuccin": {
      "inputs": {
        "nixpkgs": "nixpkgs"
      },
      "locked": {
        "lastModified": 1782648384,
        "narHash": "sha256-OlHdAqdXasZk1U+Zf9n+ivqHL9kj/UD0DFO4yYTNBYc=",
        "owner": "catppuccin",
        "repo": "nix",
        "rev": "f2c7dd14ecce785c206a39466cbe227ff62e3803",
        "type": "github"
      },
      "original": {
        "owner": "catppuccin",
        "repo": "nix",
        "type": "github"
      }
    },
    "factory": {
      "inputs": {
        "nixpkgs": [
          "nixpkgs"
        ],
        "snug": "snug"
      },
      "locked": {
        "lastModified": 1788343845,
        "narHash": "sha256-L1COpkstdbOVVzenbuFEStT/u3yvwVDyojxPbHNohnU=",
        "owner": "hausfold",
        "repo": "factory",
        "rev": "6d761726ca3dd187fe6033b8ff5687198e0fa152",
        "type": "github"
      },
      "original": {
        "owner": "hausfold",
        "repo": "factory",
        "type": "github"
      }
    },
    "home-manager": {
      "inputs": {
        "nixpkgs": [
          "nixpkgs"
        ]
      },
      "locked": {
        "lastModified": 1782881387,
        "narHash": "sha256-HvlS1KDGXDjd1bNzzPvH1mkDJATlDAfVYfTh//wJBEA=",
        "owner": "nix-community",
        "repo": "home-manager",
        "rev": "d32537981c036473cf6990ae03176a5d84c43b29",
        "type": "github"
      },
      "original": {
        "owner": "nix-community",
        "repo": "home-manager",
        "type": "github"
      }
    },
    "nebelung": {
      "inputs": {
        "catppuccin": [
          "catppuccin"
        ],
        "nixpkgs": [
          "nixpkgs"
        ]
      },
      "locked": {
        "lastModified": 1788317761,
        "narHash": "sha256-QXSsdm7740EAPQhCmbOg4DcT+hnNSClWFNA4TmksaBA=",
        "owner": "hausfold",
        "repo": "nebelung",
        "rev": "45b1e6b45a9122ceab9162595d2bc1a730ae1eed",
        "type": "github"
      },
      "original": {
        "owner": "hausfold",
        "repo": "nebelung",
        "type": "github"
      }
    },
    "nix-darwin": {
      "inputs": {
        "nixpkgs": [
          "nixpkgs"
        ]
      },
      "locked": {
        "lastModified": 1784500460,
        "narHash": "sha256-UvORnAxTRHax7RG74W8Z2t4GvIkX6AjJ5kk0QlwZomo=",
        "owner": "LnL7",
        "repo": "nix-darwin",
        "rev": "57a3171f94705599a2499248ca5758d5eb47c0e0",
        "type": "github"
      },
      "original": {
        "owner": "LnL7",
        "ref": "master",
        "repo": "nix-darwin",
        "type": "github"
      }
    },
    "nix-index-database": {
      "inputs": {
        "nixpkgs": [
          "nixpkgs"
        ]
      },
      "locked": {
        "lastModified": 1782636943,
        "narHash": "sha256-ripjZa7BBLwL1uS5VJF3s/VpZpWt5ZIQEvkJ/FJNpQw=",
        "owner": "nix-community",
        "repo": "nix-index-database",
        "rev": "058b1f9381fa79fcda49982370a750ff92dbba43",
        "type": "github"
      },
      "original": {
        "owner": "nix-community",
        "repo": "nix-index-database",
        "type": "github"
      }
    },
    "nixpkgs": {
      "locked": {
        "lastModified": 1782175435,
        "narHash": "sha256-8d2wCNWKnd86GzKZvbuqqlS+HqMrheXkvRf0qGJ/oA0=",
        "rev": "89570f24e97e614aa34aa9ab1c927b6578a43775",
        "type": "tarball",
        "url": "https://releases.nixos.org/nixpkgs/nixpkgs-26.11pre1020805.89570f24e97e/nixexprs.tar.xz"
      },
      "original": {
        "type": "tarball",
        "url": "https://channels.nixos.org/nixpkgs-unstable/nixexprs.tar.xz"
      }
    },
    "nixpkgs_2": {
      "locked": {
        "lastModified": 1786534138,
        "narHash": "sha256-fBJMdnKUTUDtfi/BYLr71HLaC9dG382arxLF2Egg2uo=",
        "owner": "NixOS",
        "repo": "nixpkgs",
        "rev": "044bfe75bfe4c7bbe043dc17b5e42ea823b84a09",
        "type": "github"
      },
      "original": {
        "owner": "NixOS",
        "ref": "nixpkgs-unstable",
        "repo": "nixpkgs",
        "type": "github"
      }
    },
    "perch": {
      "inputs": {
        "nixpkgs": [
          "nixpkgs"
        ],
        "prebuilt": "prebuilt"
      },
      "locked": {
        "lastModified": 1788392757,
        "narHash": "sha256-pyTQkbKV7PsZUoW/ti/wZsFtWRRHVtSas9vmWXBbJ9o=",
        "owner": "hausfold",
        "repo": "perch",
        "rev": "6d28a93df923de1d18baaca67503103d9be9702e",
        "type": "github"
      },
      "original": {
        "owner": "hausfold",
        "repo": "perch",
        "type": "github"
      }
    },
    "pounce": {
      "inputs": {
        "nebelung": [
          "nebelung"
        ],
        "nixpkgs": [
          "nixpkgs"
        ]
      },
      "locked": {
        "lastModified": 1788343122,
        "narHash": "sha256-Q2+VGUw64PsJIESI7XRmvOQjc413NoZ6k/deGHLaFwg=",
        "owner": "hausfold",
        "repo": "pounce",
        "rev": "c0e958c42022b80e0924479f841d28febae838e9",
        "type": "github"
      },
      "original": {
        "owner": "hausfold",
        "repo": "pounce",
        "type": "github"
      }
    },
    "prebuilt": {
      "flake": false,
      "locked": {
        "path": "./nix/dev-app",
        "type": "path"
      },
      "original": {
        "path": "./nix/dev-app",
        "type": "path"
      },
      "parent": [
        "perch"
      ]
    },
    "prebuilt_2": {
      "flake": false,
      "locked": {
        "path": "./nix/dev-app",
        "type": "path"
      },
      "original": {
        "path": "./nix/dev-app",
        "type": "path"
      },
      "parent": [
        "trill"
      ]
    },
    "root": {
      "inputs": {
        "catppuccin": "catppuccin",
        "factory": "factory",
        "home-manager": "home-manager",
        "nebelung": "nebelung",
        "nix-darwin": "nix-darwin",
        "nix-index-database": "nix-index-database",
        "nixpkgs": "nixpkgs_2",
        "perch": "perch",
        "pounce": "pounce",
        "scruff": "scruff",
        "snug": "snug_2",
        "trill": "trill"
      }
    },
    "scruff": {
      "inputs": {
        "nixpkgs": [
          "nixpkgs"
        ]
      },
      "locked": {
        "lastModified": 1788342354,
        "narHash": "sha256-keX6Efp034MxV47tlkgDxD4tGihr9XxWVsngSb0UAN0=",
        "owner": "hausfold",
        "repo": "scruff",
        "rev": "3f092db09bb8dd75425299bdde5a5019ff43ac01",
        "type": "github"
      },
      "original": {
        "owner": "hausfold",
        "repo": "scruff",
        "type": "github"
      }
    },
    "snug": {
      "inputs": {
        "nixpkgs": [
          "factory",
          "nixpkgs"
        ]
      },
      "locked": {
        "lastModified": 1788327059,
        "narHash": "sha256-W1qtYyKBKFFk87OfUI1lavUIpw/0CslTf7DmovhmwmA=",
        "owner": "hausfold",
        "repo": "snug",
        "rev": "017f2cd077b816d5d1978b211eb5acf5271a22ed",
        "type": "github"
      },
      "original": {
        "owner": "hausfold",
        "repo": "snug",
        "type": "github"
      }
    },
    "snug_2": {
      "inputs": {
        "nixpkgs": [
          "nixpkgs"
        ]
      },
      "locked": {
        "lastModified": 1788344371,
        "narHash": "sha256-LR8Bn85tA8y6S8/DIuTAmmk+TgsaJCAeYzzdAAlDYpo=",
        "owner": "hausfold",
        "repo": "snug",
        "rev": "d4da663fa9d45cae43f3ecfd5b3a3a683a223e7d",
        "type": "github"
      },
      "original": {
        "owner": "hausfold",
        "repo": "snug",
        "type": "github"
      }
    },
    "trill": {
      "inputs": {
        "nixpkgs": [
          "nixpkgs"
        ],
        "prebuilt": "prebuilt_2"
      },
      "locked": {
        "lastModified": 1788343109,
        "narHash": "sha256-hSkmQVjJ8f7/GF7wx3ITImmd+YfwED0rNeaizCEJqYQ=",
        "owner": "hausfold",
        "repo": "trill",
        "rev": "8c7a5fcdc7a7b4181062c8ff6e4e18baa30fbe4c",
        "type": "github"
      },
      "original": {
        "owner": "hausfold",
        "repo": "trill",
        "type": "github"
      }
    }
  },
  "root": "root",
  "version": 7
}
