{
  "nodes": {
    "catppuccin": {
      "inputs": {
        "nixpkgs": "nixpkgs"
      },
      "locked": {
        "lastModified": 1782648384,
        "narHash": "sha256-OlHdAqdXasZk1U+Zf9n+ivqHL9kj/UD0DFO4yYTNBYc=",
        "owner": "catppuccin",
        "repo": "nix",
        "rev": "f2c7dd14ecce785c206a39466cbe227ff62e3803",
        "type": "github"
      },
      "original": {
        "owner": "catppuccin",
        "repo": "nix",
        "type": "github"
      }
    },
    "factory": {
      "inputs": {
        "nixpkgs": [
          "nixpkgs"
        ],
        "snug": "snug"
      },
      "locked": {
        "lastModified": 1788317341,
        "narHash": "sha256-Dqsvkueubf2gmeufKLSyiwO9+7g1oodOKhx3OQxel/g=",
        "owner": "hausfold",
        "repo": "factory",
        "rev": "ed533df21966a43f9420be6ed23beeb604fd56a0",
        "type": "github"
      },
      "original": {
        "owner": "hausfold",
        "repo": "factory",
        "type": "github"
      }
    },
    "home-manager": {
      "inputs": {
        "nixpkgs": [
          "nixpkgs"
        ]
      },
      "locked": {
        "lastModified": 1782881387,
        "narHash": "sha256-HvlS1KDGXDjd1bNzzPvH1mkDJATlDAfVYfTh//wJBEA=",
        "owner": "nix-community",
        "repo": "home-manager",
        "rev": "d32537981c036473cf6990ae03176a5d84c43b29",
        "type": "github"
      },
      "original": {
        "owner": "nix-community",
        "repo": "home-manager",
        "type": "github"
      }
    },
    "nebelung": {
      "inputs": {
        "catppuccin": [
          "catppuccin"
        ],
        "nixpkgs": [
          "nixpkgs"
        ]
      },
      "locked": {
        "lastModified": 1788317761,
        "narHash": "sha256-QXSsdm7740EAPQhCmbOg4DcT+hnNSClWFNA4TmksaBA=",
        "owner": "hausfold",
        "repo": "nebelung",
        "rev": "45b1e6b45a9122ceab9162595d2bc1a730ae1eed",
        "type": "github"
      },
      "original": {
        "owner": "hausfold",
        "repo": "nebelung",
        "type": "github"
      }
    },
    "nix-darwin": {
      "inputs": {
        "nixpkgs": [
          "nixpkgs"
        ]
      },
      "locked": {
        "lastModified": 1784500460,
        "narHash": "sha256-UvORnAxTRHax7RG74W8Z2t4GvIkX6AjJ5kk0QlwZomo=",
        "owner": "LnL7",
        "repo": "nix-darwin",
        "rev": "57a3171f94705599a2499248ca5758d5eb47c0e0",
        "type": "github"
      },
      "original": {
        "owner": "LnL7",
        "ref": "master",
        "repo": "nix-darwin",
        "type": "github"
      }
    },
    "nix-index-database": {
      "inputs": {
        "nixpkgs": [
          "nixpkgs"
        ]
      },
      "locked": {
        "lastModified": 1782636943,
        "narHash": "sha256-ripjZa7BBLwL1uS5VJF3s/VpZpWt5ZIQEvkJ/FJNpQw=",
        "owner": "nix-community",
        "repo": "nix-index-database",
        "rev": "058b1f9381fa79fcda49982370a750ff92dbba43",
        "type": "github"
      },
      "original": {
        "owner": "nix-community",
        "repo": "nix-index-database",
        "type": "github"
      }
    },
    "nixpkgs": {
      "locked": {
        "lastModified": 1782175435,
        "narHash": "sha256-8d2wCNWKnd86GzKZvbuqqlS+HqMrheXkvRf0qGJ/oA0=",
        "rev": "89570f24e97e614aa34aa9ab1c927b6578a43775",
        "type": "tarball",
        "url": "https://releases.nixos.org/nixpkgs/nixpkgs-26.11pre1020805.89570f24e97e/nixexprs.tar.xz"
      },
      "original": {
        "type": "tarball",
        "url": "https://channels.nixos.org/nixpkgs-unstable/nixexprs.tar.xz"
      }
    },
    "nixpkgs_2": {
      "locked": {
        "lastModified": 1786534138,
        "narHash": "sha256-fBJMdnKUTUDtfi/BYLr71HLaC9dG382arxLF2Egg2uo=",
        "owner": "NixOS",
        "repo": "nixpkgs",
        "rev": "044bfe75bfe4c7bbe043dc17b5e42ea823b84a09",
        "type": "github"
      },
      "original": {
        "owner": "NixOS",
        "ref": "nixpkgs-unstable",
        "repo": "nixpkgs",
        "type": "github"
      }
    },
    "perch": {
      "inputs": {
        "nixpkgs": [
          "nixpkgs"
        ],
        "prebuilt": "prebuilt"
      },
      "locked": {
        "lastModified": 1788317789,
        "narHash": "sha256-Ck5MzBmoeuQUJoZ5abueHZNN796WIG6HWEz7iOgAn6w=",
        "owner": "hausfold",
        "repo": "perch",
        "rev": "7d68805c8a9a5fc7be4af46e4a143342fcba5702",
        "type": "github"
      },
      "original": {
        "owner": "hausfold",
        "repo": "perch",
        "type": "github"
      }
    },
    "pounce": {
      "inputs": {
        "nebelung": [
          "nebelung"
        ],
        "nixpkgs": [
          "nixpkgs"
        ]
      },
      "locked": {
        "lastModified": 1788317899,
        "narHash": "sha256-y2E1VAIZw9MA1dDOE2C9oQFRSVJ1YI2lEr/C0kLLchg=",
        "owner": "hausfold",
        "repo": "pounce",
        "rev": "e1e7727dd2f01d3ee8f9d6b044513622146741ce",
        "type": "github"
      },
      "original": {
        "owner": "hausfold",
        "repo": "pounce",
        "type": "github"
      }
    },
    "prebuilt": {
      "flake": false,
      "locked": {
        "path": "./nix/dev-app",
        "type": "path"
      },
      "original": {
        "path": "./nix/dev-app",
        "type": "path"
      },
      "parent": [
        "perch"
      ]
    },
    "prebuilt_2": {
      "flake": false,
      "locked": {
        "path": "./nix/dev-app",
        "type": "path"
      },
      "original": {
        "path": "./nix/dev-app",
        "type": "path"
      },
      "parent": [
        "trill"
      ]
    },
    "root": {
      "inputs": {
        "catppuccin": "catppuccin",
        "factory": "factory",
        "home-manager": "home-manager",
        "nebelung": "nebelung",
        "nix-darwin": "nix-darwin",
        "nix-index-database": "nix-index-database",
        "nixpkgs": "nixpkgs_2",
        "perch": "perch",
        "pounce": "pounce",
        "scruff": "scruff",
        "snug": "snug_2",
        "trill": "trill"
      }
    },
    "scruff": {
      "inputs": {
        "nixpkgs": [
          "nixpkgs"
        ]
      },
      "locked": {
        "lastModified": 1788317771,
        "narHash": "sha256-ZaXb0onTs43hZ3s03Gyx+tryxjKMhvj05INJXV7fBFY=",
        "owner": "hausfold",
        "repo": "scruff",
        "rev": "e0568358975b908eea28d89dc597990eaedeea45",
        "type": "github"
      },
      "original": {
        "owner": "hausfold",
        "repo": "scruff",
        "type": "github"
      }
    },
    "snug": {
      "inputs": {
        "nixpkgs": [
          "factory",
          "nixpkgs"
        ]
      },
      "locked": {
        "lastModified": 1788156577,
        "narHash": "sha256-iPFewVsqNBOoZtfkZmKFWkE8qEq9GxUmil/MVsoI/YU=",
        "owner": "hausfold",
        "repo": "snug",
        "rev": "a6d2210022324e9c6b2f95f9be44ff6cffc7f4fc",
        "type": "github"
      },
      "original": {
        "owner": "hausfold",
        "repo": "snug",
        "type": "github"
      }
    },
    "snug_2": {
      "inputs": {
        "nixpkgs": [
          "nixpkgs"
        ]
      },
      "locked": {
        "lastModified": 1788156577,
        "narHash": "sha256-iPFewVsqNBOoZtfkZmKFWkE8qEq9GxUmil/MVsoI/YU=",
        "owner": "hausfold",
        "repo": "snug",
        "rev": "a6d2210022324e9c6b2f95f9be44ff6cffc7f4fc",
        "type": "github"
      },
      "original": {
        "owner": "hausfold",
        "repo": "snug",
        "type": "github"
      }
    },
    "trill": {
      "inputs": {
        "nixpkgs": [
          "nixpkgs"
        ],
        "prebuilt": "prebuilt_2"
      },
      "locked": {
        "lastModified": 1788317765,
        "narHash": "sha256-cSoMMpK2pn58Wn+BLhqoDHNBgvnzG9zWPE2AgTB3d84=",
        "owner": "hausfold",
        "repo": "trill",
        "rev": "9af6e0299fe5e11d1d7e1a30300009e3b81f353d",
        "type": "github"
      },
      "original": {
        "owner": "hausfold",
        "repo": "trill",
        "type": "github"
      }
    }
  },
  "root": "root",
  "version": 7
}
