{
  "nodes": {
    "catppuccin": {
      "inputs": {
        "nixpkgs": "nixpkgs"
      },
      "locked": {
        "lastModified": 1782648384,
        "narHash": "sha256-OlHdAqdXasZk1U+Zf9n+ivqHL9kj/UD0DFO4yYTNBYc=",
        "owner": "catppuccin",
        "repo": "nix",
        "rev": "f2c7dd14ecce785c206a39466cbe227ff62e3803",
        "type": "github"
      },
      "original": {
        "owner": "catppuccin",
        "repo": "nix",
        "type": "github"
      }
    },
    "factory": {
      "inputs": {
        "nixpkgs": [
          "nixpkgs"
        ],
        "snug": "snug"
      },
      "locked": {
        "lastModified": 1789206529,
        "narHash": "sha256-ud4VXMEOE6RwZTCeqKGZHowyx3ezNcxS7kRC+gdUgl4=",
        "owner": "hausfold",
        "repo": "factory",
        "rev": "1cc8b9beba86b66aab65cdc90c0db7c1843209f3",
        "type": "github"
      },
      "original": {
        "owner": "hausfold",
        "repo": "factory",
        "type": "github"
      }
    },
    "home-manager": {
      "inputs": {
        "nixpkgs": [
          "nixpkgs"
        ]
      },
      "locked": {
        "lastModified": 1782881387,
        "narHash": "sha256-HvlS1KDGXDjd1bNzzPvH1mkDJATlDAfVYfTh//wJBEA=",
        "owner": "nix-community",
        "repo": "home-manager",
        "rev": "d32537981c036473cf6990ae03176a5d84c43b29",
        "type": "github"
      },
      "original": {
        "owner": "nix-community",
        "repo": "home-manager",
        "type": "github"
      }
    },
    "nebelung": {
      "inputs": {
        "catppuccin": [
          "catppuccin"
        ],
        "nixpkgs": [
          "nixpkgs"
        ]
      },
      "locked": {
        "lastModified": 1789204972,
        "narHash": "sha256-dJQ42cdfN0uVbhX6DaUUr5Exrra/eBwhC6hbK/OeCWY=",
        "owner": "hausfold",
        "repo": "nebelung",
        "rev": "a28e20d2baeedff35d6b5fcdab9137a6ab95be7b",
        "type": "github"
      },
      "original": {
        "owner": "hausfold",
        "repo": "nebelung",
        "type": "github"
      }
    },
    "nix-darwin": {
      "inputs": {
        "nixpkgs": [
          "nixpkgs"
        ]
      },
      "locked": {
        "lastModified": 1784500460,
        "narHash": "sha256-UvORnAxTRHax7RG74W8Z2t4GvIkX6AjJ5kk0QlwZomo=",
        "owner": "LnL7",
        "repo": "nix-darwin",
        "rev": "57a3171f94705599a2499248ca5758d5eb47c0e0",
        "type": "github"
      },
      "original": {
        "owner": "LnL7",
        "ref": "master",
        "repo": "nix-darwin",
        "type": "github"
      }
    },
    "nix-index-database": {
      "inputs": {
        "nixpkgs": [
          "nixpkgs"
        ]
      },
      "locked": {
        "lastModified": 1782636943,
        "narHash": "sha256-ripjZa7BBLwL1uS5VJF3s/VpZpWt5ZIQEvkJ/FJNpQw=",
        "owner": "nix-community",
        "repo": "nix-index-database",
        "rev": "058b1f9381fa79fcda49982370a750ff92dbba43",
        "type": "github"
      },
      "original": {
        "owner": "nix-community",
        "repo": "nix-index-database",
        "type": "github"
      }
    },
    "nixpkgs": {
      "locked": {
        "lastModified": 1782175435,
        "narHash": "sha256-8d2wCNWKnd86GzKZvbuqqlS+HqMrheXkvRf0qGJ/oA0=",
        "rev": "89570f24e97e614aa34aa9ab1c927b6578a43775",
        "type": "tarball",
        "url": "https://releases.nixos.org/nixpkgs/nixpkgs-26.11pre1020805.89570f24e97e/nixexprs.tar.xz"
      },
      "original": {
        "type": "tarball",
        "url": "https://channels.nixos.org/nixpkgs-unstable/nixexprs.tar.xz"
      }
    },
    "nixpkgs_2": {
      "locked": {
        "lastModified": 1788372231,
        "narHash": "sha256-7aqErvrAEz/5OcPA5p3M+tVOqeYc4oJXkNIPXfCqxAw=",
        "owner": "NixOS",
        "repo": "nixpkgs",
        "rev": "9387b3fcc0c23c86661636da63faabad4235a0a6",
        "type": "github"
      },
      "original": {
        "owner": "NixOS",
        "ref": "nixpkgs-unstable",
        "repo": "nixpkgs",
        "type": "github"
      }
    },
    "perch": {
      "inputs": {
        "nixpkgs": [
          "nixpkgs"
        ],
        "prebuilt": "prebuilt"
      },
      "locked": {
        "lastModified": 1789204988,
        "narHash": "sha256-jL5A3rtCCFziLp1IbHUAkBzpSBdM//nyBYPEg6DzW8k=",
        "owner": "hausfold",
        "repo": "perch",
        "rev": "57116a428579b22ea76ff79c86e8e6930403d06e",
        "type": "github"
      },
      "original": {
        "owner": "hausfold",
        "repo": "perch",
        "type": "github"
      }
    },
    "pounce": {
      "inputs": {
        "nebelung": [
          "nebelung"
        ],
        "nixpkgs": [
          "nixpkgs"
        ],
        "prebuilt": "prebuilt_2"
      },
      "locked": {
        "lastModified": 1789205139,
        "narHash": "sha256-hv9u/coGYtoZF9KpTlLbFw5PAgXF0TdGbh5FE3spxKs=",
        "owner": "hausfold",
        "repo": "pounce",
        "rev": "2723bb5ff374b76c5895c0e1e5e41b778a5e43cb",
        "type": "github"
      },
      "original": {
        "owner": "hausfold",
        "repo": "pounce",
        "type": "github"
      }
    },
    "prebuilt": {
      "flake": false,
      "locked": {
        "path": "./nix/dev-app",
        "type": "path"
      },
      "original": {
        "path": "./nix/dev-app",
        "type": "path"
      },
      "parent": [
        "perch"
      ]
    },
    "prebuilt_2": {
      "flake": false,
      "locked": {
        "path": "./nix/dev-app",
        "type": "path"
      },
      "original": {
        "path": "./nix/dev-app",
        "type": "path"
      },
      "parent": [
        "pounce"
      ]
    },
    "prebuilt_3": {
      "flake": false,
      "locked": {
        "path": "./nix/dev-app",
        "type": "path"
      },
      "original": {
        "path": "./nix/dev-app",
        "type": "path"
      },
      "parent": [
        "trill"
      ]
    },
    "root": {
      "inputs": {
        "catppuccin": "catppuccin",
        "factory": "factory",
        "home-manager": "home-manager",
        "nebelung": "nebelung",
        "nix-darwin": "nix-darwin",
        "nix-index-database": "nix-index-database",
        "nixpkgs": "nixpkgs_2",
        "perch": "perch",
        "pounce": "pounce",
        "scruff": "scruff",
        "snug": "snug_2",
        "trill": "trill"
      }
    },
    "scruff": {
      "inputs": {
        "nixpkgs": [
          "nixpkgs"
        ]
      },
      "locked": {
        "lastModified": 1789205336,
        "narHash": "sha256-zrZD6LFdbk8Nqax7IfCV+o4YD3K3PlAeyhAKgRXcCbM=",
        "owner": "hausfold",
        "repo": "scruff",
        "rev": "ed08127dc37cfe8cde907f97b57f15cb3d906031",
        "type": "github"
      },
      "original": {
        "owner": "hausfold",
        "repo": "scruff",
        "type": "github"
      }
    },
    "snug": {
      "inputs": {
        "nixpkgs": [
          "factory",
          "nixpkgs"
        ]
      },
      "locked": {
        "lastModified": 1789205014,
        "narHash": "sha256-4tnTkI4Cyp3uq4zvOrc9VC8sFQczwye1Wuy/9Pfc0AI=",
        "owner": "hausfold",
        "repo": "snug",
        "rev": "b8d23246e86d8f8ac291b2021b68676619cb4a55",
        "type": "github"
      },
      "original": {
        "owner": "hausfold",
        "repo": "snug",
        "type": "github"
      }
    },
    "snug_2": {
      "inputs": {
        "nixpkgs": [
          "nixpkgs"
        ]
      },
      "locked": {
        "lastModified": 1789205014,
        "narHash": "sha256-4tnTkI4Cyp3uq4zvOrc9VC8sFQczwye1Wuy/9Pfc0AI=",
        "owner": "hausfold",
        "repo": "snug",
        "rev": "b8d23246e86d8f8ac291b2021b68676619cb4a55",
        "type": "github"
      },
      "original": {
        "owner": "hausfold",
        "repo": "snug",
        "type": "github"
      }
    },
    "trill": {
      "inputs": {
        "nixpkgs": [
          "nixpkgs"
        ],
        "prebuilt": "prebuilt_3"
      },
      "locked": {
        "lastModified": 1789204985,
        "narHash": "sha256-XUdiYcKuq3u2A2XTjLG9DumZ6JJ6/7L7lRkHPE+NdkE=",
        "owner": "hausfold",
        "repo": "trill",
        "rev": "e287a5447f16173710ebcb4719f651f5eeab4da6",
        "type": "github"
      },
      "original": {
        "owner": "hausfold",
        "repo": "trill",
        "type": "github"
      }
    }
  },
  "root": "root",
  "version": 7
}
